
Microsoft Visual Studio Solution File, Format Version 12.00
# Visual Studio Version 17
VisualStudioVersion = 17.0.31903.59
MinimumVisualStudioVersion = 10.0.40219.1
Project("{2150E333-8FDC-42A3-9474-1A3956D46DE8}") = "src", "src", "{827E0CD3-B72D-47B6-A68D-7590B98EB39B}"
EndProject
Project("{FAE04EC0-301F-11D3-BF4B-00C04F79EFBC}") = "TilingManager.Core", "src\TilingManager.Core\TilingManager.Core.csproj", "{1C78F8FA-14ED-43AD-A987-CD81C536BCAD}"
EndProject
Project("{FAE04EC0-301F-11D3-BF4B-00C04F79EFBC}") = "TilingManager.Engine", "src\TilingManager.Engine\TilingManager.Engine.csproj", "{458E2584-A427-4A75-A692-891777A5E8D7}"
EndProject
Project("{FAE04EC0-301F-11D3-BF4B-00C04F79EFBC}") = "TilingManager.UI", "src\TilingManager.UI\TilingManager.UI.csproj", "{C41BFD06-9865-4755-B07F-320353D1A68A}"
EndProject
Project("{2150E333-8FDC-42A3-9474-1A3956D46DE8}") = "tests", "tests", "{0AB3BF05-4346-4AA6-1389-037BE0695223}"
EndProject
Project("{FAE04EC0-301F-11D3-BF4B-00C04F79EFBC}") = "TilingManager.Core.Tests", "tests\TilingManager.Core.Tests\TilingManager.Core.Tests.csproj", "{818CE76B-75D5-4D0A-B2E0-DA0CDCBC0B11}"
EndProject
Project("{FAE04EC0-301F-11D3-BF4B-00C04F79EFBC}") = "TilingManager.Engine.Tests", "tests\TilingManager.Engine.Tests\TilingManager.Engine.Tests.csproj", "{EAABFC07-0C7E-493B-A3C6-6D5466EC878B}"
EndProject
Global
	GlobalSection(SolutionConfigurationPlatforms) = preSolution
		Debug|Any CPU = Debug|Any CPU
		Debug|x64 = Debug|x64
		Debug|x86 = Debug|x86
		Release|Any CPU = Release|Any CPU
		Release|x64 = Release|x64
		Release|x86 = Release|x86
	EndGlobalSection
	GlobalSection(ProjectConfigurationPlatforms) = postSolution
		{1C78F8FA-14ED-43AD-A987-CD81C536BCAD}.Debug|Any CPU.ActiveCfg = Debug|Any CPU
		{1C78F8FA-14ED-43AD-A987-CD81C536BCAD}.Debug|Any CPU.Build.0 = Debug|Any CPU
		{1C78F8FA-14ED-43AD-A987-CD81C536BCAD}.Debug|x64.ActiveCfg = Debug|Any CPU
		{1C78F8FA-14ED-43AD-A987-CD81C536BCAD}.Debug|x64.Build.0 = Debug|Any CPU
		{1C78F8FA-14ED-43AD-A987-CD81C536BCAD}.Debug|x86.ActiveCfg = Debug|Any CPU
		{1C78F8FA-14ED-43AD-A987-CD81C536BCAD}.Debug|x86.Build.0 = Debug|Any CPU
		{1C78F8FA-14ED-43AD-A987-CD81C536BCAD}.Release|Any CPU.ActiveCfg = Release|Any CPU
		{1C78F8FA-14ED-43AD-A987-CD81C536BCAD}.Release|Any CPU.Build.0 = Release|Any CPU
		{1C78F8FA-14ED-43AD-A987-CD81C536BCAD}.Release|x64.ActiveCfg = Release|Any CPU
		{1C78F8FA-14ED-43AD-A987-CD81C536BCAD}.Release|x64.Build.0 = Release|Any CPU
		{1C78F8FA-14ED-43AD-A987-CD81C536BCAD}.Release|x86.ActiveCfg = Release|Any CPU
		{1C78F8FA-14ED-43AD-A987-CD81C536BCAD}.Release|x86.Build.0 = Release|Any CPU
		{458E2584-A427-4A75-A692-891777A5E8D7}.Debug|Any CPU.ActiveCfg = Debug|Any CPU
		{458E2584-A427-4A75-A692-891777A5E8D7}.Debug|Any CPU.Build.0 = Debug|Any CPU
		{458E2584-A427-4A75-A692-891777A5E8D7}.Debug|x64.ActiveCfg = Debug|Any CPU
		{458E2584-A427-4A75-A692-891777A5E8D7}.Debug|x64.Build.0 = Debug|Any CPU
		{458E2584-A427-4A75-A692-891777A5E8D7}.Debug|x86.ActiveCfg = Debug|Any CPU
		{458E2584-A427-4A75-A692-891777A5E8D7}.Debug|x86.Build.0 = Debug|Any CPU
		{458E2584-A427-4A75-A692-891777A5E8D7}.Release|Any CPU.ActiveCfg = Release|Any CPU
		{458E2584-A427-4A75-A692-891777A5E8D7}.Release|Any CPU.Build.0 = Release|Any CPU
		{458E2584-A427-4A75-A692-891777A5E8D7}.Release|x64.ActiveCfg = Release|Any CPU
		{458E2584-A427-4A75-A692-891777A5E8D7}.Release|x64.Build.0 = Release|Any CPU
		{458E2584-A427-4A75-A692-891777A5E8D7}.Release|x86.ActiveCfg = Release|Any CPU
		{458E2584-A427-4A75-A692-891777A5E8D7}.Release|x86.Build.0 = Release|Any CPU
		{C41BFD06-9865-4755-B07F-320353D1A68A}.Debug|Any CPU.ActiveCfg = Debug|Any CPU
		{C41BFD06-9865-4755-B07F-320353D1A68A}.Debug|Any CPU.Build.0 = Debug|Any CPU
		{C41BFD06-9865-4755-B07F-320353D1A68A}.Debug|x64.ActiveCfg = Debug|Any CPU
		{C41BFD06-9865-4755-B07F-320353D1A68A}.Debug|x64.Build.0 = Debug|Any CPU
		{C41BFD06-9865-4755-B07F-320353D1A68A}.Debug|x86.ActiveCfg = Debug|Any CPU
		{C41BFD06-9865-4755-B07F-320353D1A68A}.Debug|x86.Build.0 = Debug|Any CPU
		{C41BFD06-9865-4755-B07F-320353D1A68A}.Release|Any CPU.ActiveCfg = Release|Any CPU
		{C41BFD06-9865-4755-B07F-320353D1A68A}.Release|Any CPU.Build.0 = Release|Any CPU
		{C41BFD06-9865-4755-B07F-320353D1A68A}.Release|x64.ActiveCfg = Release|Any CPU
		{C41BFD06-9865-4755-B07F-320353D1A68A}.Release|x64.Build.0 = Release|Any CPU
		{C41BFD06-9865-4755-B07F-320353D1A68A}.Release|x86.ActiveCfg = Release|Any CPU
		{C41BFD06-9865-4755-B07F-320353D1A68A}.Release|x86.Build.0 = Release|Any CPU
		{818CE76B-75D5-4D0A-B2E0-DA0CDCBC0B11}.Debug|Any CPU.ActiveCfg = Debug|Any CPU
		{818CE76B-75D5-4D0A-B2E0-DA0CDCBC0B11}.Debug|Any CPU.Build.0 = Debug|Any CPU
		{818CE76B-75D5-4D0A-B2E0-DA0CDCBC0B11}.Debug|x64.ActiveCfg = Debug|Any CPU
		{818CE76B-75D5-4D0A-B2E0-DA0CDCBC0B11}.Debug|x64.Build.0 = Debug|Any CPU
		{818CE76B-75D5-4D0A-B2E0-DA0CDCBC0B11}.Debug|x86.ActiveCfg = Debug|Any CPU
		{818CE76B-75D5-4D0A-B2E0-DA0CDCBC0B11}.Debug|x86.Build.0 = Debug|Any CPU
		{818CE76B-75D5-4D0A-B2E0-DA0CDCBC0B11}.Release|Any CPU.ActiveCfg = Release|Any CPU
		{818CE76B-75D5-4D0A-B2E0-DA0CDCBC0B11}.Release|Any CPU.Build.0 = Release|Any CPU
		{818CE76B-75D5-4D0A-B2E0-DA0CDCBC0B11}.Release|x64.ActiveCfg = Release|Any CPU
		{818CE76B-75D5-4D0A-B2E0-DA0CDCBC0B11}.Release|x64.Build.0 = Release|Any CPU
		{818CE76B-75D5-4D0A-B2E0-DA0CDCBC0B11}.Release|x86.ActiveCfg = Release|Any CPU
		{818CE76B-75D5-4D0A-B2E0-DA0CDCBC0B11}.Release|x86.Build.0 = Release|Any CPU
		{EAABFC07-0C7E-493B-A3C6-6D5466EC878B}.Debug|Any CPU.ActiveCfg = Debug|Any CPU
		{EAABFC07-0C7E-493B-A3C6-6D5466EC878B}.Debug|Any CPU.Build.0 = Debug|Any CPU
		{EAABFC07-0C7E-493B-A3C6-6D5466EC878B}.Debug|x64.ActiveCfg = Debug|Any CPU
		{EAABFC07-0C7E-493B-A3C6-6D5466EC878B}.Debug|x64.Build.0 = Debug|Any CPU
		{EAABFC07-0C7E-493B-A3C6-6D5466EC878B}.Debug|x86.ActiveCfg = Debug|Any CPU
		{EAABFC07-0C7E-493B-A3C6-6D5466EC878B}.Debug|x86.Build.0 = Debug|Any CPU
		{EAABFC07-0C7E-493B-A3C6-6D5466EC878B}.Release|Any CPU.ActiveCfg = Release|Any CPU
		{EAABFC07-0C7E-493B-A3C6-6D5466EC878B}.Release|Any CPU.Build.0 = Release|Any CPU
		{EAABFC07-0C7E-493B-A3C6-6D5466EC878B}.Release|x64.ActiveCfg = Release|Any CPU
		{EAABFC07-0C7E-493B-A3C6-6D5466EC878B}.Release|x64.Build.0 = Release|Any CPU
		{EAABFC07-0C7E-493B-A3C6-6D5466EC878B}.Release|x86.ActiveCfg = Release|Any CPU
		{EAABFC07-0C7E-493B-A3C6-6D5466EC878B}.Release|x86.Build.0 = Release|Any CPU
	EndGlobalSection
	GlobalSection(SolutionProperties) = preSolution
		HideSolutionNode = FALSE
	EndGlobalSection
	GlobalSection(NestedProjects) = preSolution
		{1C78F8FA-14ED-43AD-A987-CD81C536BCAD} = {827E0CD3-B72D-47B6-A68D-7590B98EB39B}
		{458E2584-A427-4A75-A692-891777A5E8D7} = {827E0CD3-B72D-47B6-A68D-7590B98EB39B}
		{C41BFD06-9865-4755-B07F-320353D1A68A} = {827E0CD3-B72D-47B6-A68D-7590B98EB39B}
		{818CE76B-75D5-4D0A-B2E0-DA0CDCBC0B11} = {0AB3BF05-4346-4AA6-1389-037BE0695223}
		{EAABFC07-0C7E-493B-A3C6-6D5466EC878B} = {0AB3BF05-4346-4AA6-1389-037BE0695223}
	EndGlobalSection
EndGlobal
